dependencies:
- name: eric-enmsg-access-control
  repository: http://127.0.0.1:8879/charts
  version: 0.1.0
- name: eric-enmsg-cmservice
  repository: http://127.0.0.1:8879/charts
  version: 0.1.0
- name: eric-enmsg-eventbasedclient
  repository: http://127.0.0.1:8879/charts
  version: 0.1.0
- name: eric-enmsg-fls
  repository: http://127.0.0.1:8879/charts
  version: 0.1.0
- name: eric-enmsg-fm-alarm-processing
  repository: http://127.0.0.1:8879/charts
  version: 0.1.0
- name: eric-enmsg-fm-service
  repository: http://127.0.0.1:8879/charts
  version: 0.1.0
- name: eric-enmsg-ha-proxy
  repository: http://127.0.0.1:8879/charts
  version: 0.1.0
- name: eric-enmsg-httpd
  repository: http://127.0.0.1:8879/charts
  version: 0.1.0
- name: eric-enmsg-lcmservice
  repository: http://127.0.0.1:8879/charts
  version: 0.1.0
- name: eric-enmsg-medrouter
  repository: http://127.0.0.1:8879/charts
  version: 0.1.0
- name: eric-enmsg-mscm
  repository: http://127.0.0.1:8879/charts
  version: 0.1.0
- name: eric-enmsg-msfm
  repository: http://127.0.0.1:8879/charts
  version: 0.1.0
- name: eric-enmsg-mspm
  repository: http://127.0.0.1:8879/charts
  version: 0.1.0
- name: eric-enmsg-networkexplorer
  repository: http://127.0.0.1:8879/charts
  version: 0.1.0
- name: eric-enmsg-openidm
  repository: http://127.0.0.1:8879/charts
  version: 0.1.0
- name: eric-enmsg-pki-ra-service
  repository: http://127.0.0.1:8879/charts
  version: 0.1.0
- name: eric-enmsg-pmic-router-policy
  repository: http://127.0.0.1:8879/charts
  version: 0.1.0
- name: eric-enmsg-pmservice
  repository: http://127.0.0.1:8879/charts
  version: 0.1.0
- name: eric-enmsg-security-service
  repository: http://127.0.0.1:8879/charts
  version: 0.1.0
- name: eric-enmsg-sps-service
  repository: http://127.0.0.1:8879/charts
  version: 0.1.0
- name: eric-enmsg-sso
  repository: http://127.0.0.1:8879/charts
  version: 0.1.0
- name: eric-enmsg-uiservice
  repository: http://127.0.0.1:8879/charts
  version: 0.1.0
- name: eric-enmsg-web-push-service
  repository: http://127.0.0.1:8879/charts
  version: 0.1.0
- name: eric-enmsg-supervisionclient
  repository: http://127.0.0.1:8879/charts
  version: 0.1.0
digest: sha256:3a07b6dcf632cc3eb19c1d5963032ae26985a309bf3810a9225abbbbc07465c7
generated: 2019-06-17T14:21:39.2873083+01:00
