dependencies:
- name: eric-enm-globalproperties
  repository: http://127.0.0.1:8879/charts
  version: 1.0.1
- name: nfs-client-provisioner
  repository: http://127.0.0.1:8879/charts
  version: 1.2.0
- name: eric-enm-nfspvc
  repository: http://127.0.0.1:8879/charts
  version: 1.0.1
- name: eric-enm-serviceroles
  repository: http://127.0.0.1:8879/charts
  version: 1.0.1
- name: eric-enmsg-gossiprouter-cache
  repository: http://127.0.0.1:8879/charts
  version: 0.1.0
- name: eric-enmsg-gossiprouter-remoting
  repository: http://127.0.0.1:8879/charts
  version: 0.1.0
- name: eric-enmsg-jmsserver
  repository: http://127.0.0.1:8879/charts
  version: 0.1.0
- name: eric-enmsg-modelserv
  repository: http://127.0.0.1:8879/charts
  version: 0.1.0
- name: eric-enmsg-opendj
  repository: http://127.0.0.1:8879/charts
  version: 0.1.0
- name: eric-enmsg-postgres
  repository: http://127.0.0.1:8879/charts
  version: 0.1.0
- name: eric-enmsg-sentinel
  repository: http://127.0.0.1:8879/charts
  version: 0.1.0
- name: eric-enmsg-serviceregistry
  repository: http://127.0.0.1:8879/charts
  version: 0.1.0
- name: eric-enm-elasticsearch
  repository: http://127.0.0.1:8879/charts
  version: 0.1.0
- name: neo4j
  repository: http://127.0.0.1:8879/charts
  version: 0.7.2
digest: sha256:1746d63b2817f739b3b4cbefaf02ad45f0013b6257234d0fd0aaf21fbe6d6300
generated: 2019-06-17T14:21:26.9142477+01:00
