dependencies:
- name: adp-integration
  repository: http://127.0.0.1:8879/charts
  version: 0.1.0
- name: infra-integration
  repository: http://127.0.0.1:8879/charts
  version: 0.1.0
- name: stateless-integration
  repository: http://127.0.0.1:8879/charts
  version: 0.1.0
digest: sha256:6f6e40db3ff573f1b91e2d7e3e7958b843b9f10dbabde5f8f81b52b35cb34fb2
generated: 2019-04-12T14:39:25.2483734+01:00
